
Microsoft Visual Studio Solution File, Format Version 12.00
# Visual Studio Version 17
VisualStudioVersion = 17.1.32319.34
MinimumVisualStudioVersion = 10.0.40219.1
Project("{FAE04EC0-301F-11D3-BF4B-00C04F79EFBC}") = "rate in the terminal", "rate in the terminal\rate in the terminal.csproj", "{DCE41845-913A-46C2-A164-7B89096CF109}"
EndProject
Global
	GlobalSection(SolutionConfigurationPlatforms) = preSolution
		Debug|Any CPU = Debug|Any CPU
		Release|Any CPU = Release|Any CPU
	EndGlobalSection
	GlobalSection(ProjectConfigurationPlatforms) = postSolution
		{DCE41845-913A-46C2-A164-7B89096CF109}.Debug|Any CPU.ActiveCfg = Debug|Any CPU
		{DCE41845-913A-46C2-A164-7B89096CF109}.Debug|Any CPU.Build.0 = Debug|Any CPU
		{DCE41845-913A-46C2-A164-7B89096CF109}.Release|Any CPU.ActiveCfg = Release|Any CPU
		{DCE41845-913A-46C2-A164-7B89096CF109}.Release|Any CPU.Build.0 = Release|Any CPU
	EndGlobalSection
	GlobalSection(SolutionProperties) = preSolution
		HideSolutionNode = FALSE
	EndGlobalSection
	GlobalSection(ExtensibilityGlobals) = postSolution
		SolutionGuid = {5A710510-B306-4D95-ACB3-D582F90B6E0F}
	EndGlobalSection
EndGlobal
